
Microsoft Visual Studio Solution File, Format Version 12.00
# Visual Studio Version 16
VisualStudioVersion = 16.0.30717.126
MinimumVisualStudioVersion = 10.0.40219.1
Project("{FAE04EC0-301F-11D3-BF4B-00C04F79EFBC}") = "Lesson 3", "Lesson 3\Lesson 3.csproj", "{2D3401C6-7636-448C-ABFA-F70D2BA0FB8E}"
EndProject
Global
	GlobalSection(SolutionConfigurationPlatforms) = preSolution
		Debug|Any CPU = Debug|Any CPU
		Release|Any CPU = Release|Any CPU
	EndGlobalSection
	GlobalSection(ProjectConfigurationPlatforms) = postSolution
		{2D3401C6-7636-448C-ABFA-F70D2BA0FB8E}.Debug|Any CPU.ActiveCfg = Debug|Any CPU
		{2D3401C6-7636-448C-ABFA-F70D2BA0FB8E}.Debug|Any CPU.Build.0 = Debug|Any CPU
		{2D3401C6-7636-448C-ABFA-F70D2BA0FB8E}.Release|Any CPU.ActiveCfg = Release|Any CPU
		{2D3401C6-7636-448C-ABFA-F70D2BA0FB8E}.Release|Any CPU.Build.0 = Release|Any CPU
	EndGlobalSection
	GlobalSection(SolutionProperties) = preSolution
		HideSolutionNode = FALSE
	EndGlobalSection
	GlobalSection(ExtensibilityGlobals) = postSolution
		SolutionGuid = {CC678D5A-A920-4A88-8492-CA69E4331DE3}
	EndGlobalSection
EndGlobal
